{
  "version": 4,
  "terraform_version": "0.15.1",
  "serial": 5,
  "lineage": "059255d0-b506-1ff6-9da8-e9cadf23e24a",
  "outputs": {
    "az": {
      "value": "ap-south-1a",
      "type": "string"
    },
    "ebs-attach": {
      "value": {
        "device_name": "/dev/sdh",
        "force_detach": null,
        "id": "vai-813451327",
        "instance_id": "i-049bcde8f386cdcac",
        "skip_destroy": null,
        "volume_id": "vol-051f7c74653513c5f"
      },
      "type": [
        "object",
        {
          "device_name": "string",
          "force_detach": "bool",
          "id": "string",
          "instance_id": "string",
          "skip_destroy": "bool",
          "volume_id": "string"
        }
      ]
    },
    "public_ip": {
      "value": "13.127.79.91",
      "type": "string"
    },
    "vol_id": {
      "value": "vol-051f7c74653513c5f",
      "type": "string"
    }
  },
  "resources": [
    {
      "mode": "managed",
      "type": "aws_ebs_volume",
      "name": "st1",
      "provider": "provider[\"registry.terraform.io/hashicorp/aws\"]",
      "instances": [
        {
          "schema_version": 0,
          "attributes": {
            "arn": "arn:aws:ec2:ap-south-1:129609417156:volume/vol-051f7c74653513c5f",
            "availability_zone": "ap-south-1a",
            "encrypted": false,
            "id": "vol-051f7c74653513c5f",
            "iops": 100,
            "kms_key_id": "",
            "multi_attach_enabled": false,
            "outpost_arn": "",
            "size": 1,
            "snapshot_id": "",
            "tags": {
              "Name": "HD1"
            },
            "tags_all": {
              "Name": "HD1"
            },
            "throughput": 0,
            "type": "gp2"
          },
          "sensitive_attributes": [],
          "private": "bnVsbA==",
          "dependencies": [
            "aws_instance.os1"
          ]
        }
      ]
    },
    {
      "mode": "managed",
      "type": "aws_instance",
      "name": "os1",
      "provider": "provider[\"registry.terraform.io/hashicorp/aws\"]",
      "instances": [
        {
          "schema_version": 1,
          "attributes": {
            "ami": "ami-010aff33ed5991201",
            "arn": "arn:aws:ec2:ap-south-1:129609417156:instance/i-049bcde8f386cdcac",
            "associate_public_ip_address": true,
            "availability_zone": "ap-south-1a",
            "cpu_core_count": 1,
            "cpu_threads_per_core": 1,
            "credit_specification": [
              {
                "cpu_credits": "standard"
              }
            ],
            "disable_api_termination": false,
            "ebs_block_device": [
              {
                "delete_on_termination": false,
                "device_name": "/dev/sdh",
                "encrypted": false,
                "iops": 100,
                "kms_key_id": "",
                "snapshot_id": "",
                "tags": {
                  "Name": "HD1"
                },
                "throughput": 0,
                "volume_id": "vol-051f7c74653513c5f",
                "volume_size": 1,
                "volume_type": "gp2"
              }
            ],
            "ebs_optimized": false,
            "enclave_options": [
              {
                "enabled": false
              }
            ],
            "ephemeral_block_device": [],
            "get_password_data": false,
            "hibernation": false,
            "host_id": null,
            "iam_instance_profile": "",
            "id": "i-049bcde8f386cdcac",
            "instance_initiated_shutdown_behavior": "stop",
            "instance_state": "running",
            "instance_type": "t2.small",
            "ipv6_address_count": 0,
            "ipv6_addresses": [],
            "key_name": "",
            "metadata_options": [
              {
                "http_endpoint": "enabled",
                "http_put_response_hop_limit": 1,
                "http_tokens": "optional"
              }
            ],
            "monitoring": false,
            "network_interface": [],
            "outpost_arn": "",
            "password_data": "",
            "placement_group": "",
            "primary_network_interface_id": "eni-0a4e39a3a5b7e0607",
            "private_dns": "ip-172-31-34-155.ap-south-1.compute.internal",
            "private_ip": "172.31.34.155",
            "public_dns": "ec2-13-127-79-91.ap-south-1.compute.amazonaws.com",
            "public_ip": "13.127.79.91",
            "root_block_device": [
              {
                "delete_on_termination": true,
                "device_name": "/dev/xvda",
                "encrypted": false,
                "iops": 100,
                "kms_key_id": "",
                "tags": {},
                "throughput": 0,
                "volume_id": "vol-018dab94b4aa44ba2",
                "volume_size": 8,
                "volume_type": "gp2"
              }
            ],
            "secondary_private_ips": [],
            "security_groups": [
              "default"
            ],
            "source_dest_check": true,
            "subnet_id": "subnet-ba0108d2",
            "tags": {
              "Name": "os1 of terraform-provisioner"
            },
            "tags_all": {
              "Name": "os1 of terraform-provisioner"
            },
            "tenancy": "default",
            "timeouts": null,
            "user_data": null,
            "user_data_base64": null,
            "volume_tags": null,
            "vpc_security_group_ids": [
              "sg-ddd604ba"
            ]
          },
          "sensitive_attributes": [],
          "private": "eyJlMmJmYjczMC1lY2FhLTExZTYtOGY4OC0zNDM2M2JjN2M0YzAiOnsiY3JlYXRlIjo2MDAwMDAwMDAwMDAsImRlbGV0ZSI6MTIwMDAwMDAwMDAwMCwidXBkYXRlIjo2MDAwMDAwMDAwMDB9LCJzY2hlbWFfdmVyc2lvbiI6IjEifQ=="
        }
      ]
    },
    {
      "mode": "managed",
      "type": "aws_volume_attachment",
      "name": "ebs_att",
      "provider": "provider[\"registry.terraform.io/hashicorp/aws\"]",
      "instances": [
        {
          "schema_version": 0,
          "attributes": {
            "device_name": "/dev/sdh",
            "force_detach": null,
            "id": "vai-813451327",
            "instance_id": "i-049bcde8f386cdcac",
            "skip_destroy": null,
            "volume_id": "vol-051f7c74653513c5f"
          },
          "sensitive_attributes": [],
          "private": "bnVsbA==",
          "dependencies": [
            "aws_ebs_volume.st1",
            "aws_instance.os1"
          ]
        }
      ]
    }
  ]
}
